
Microsoft Visual Studio Solution File, Format Version 12.00
# Visual Studio Version 17
VisualStudioVersion = 17.9.34701.34
MinimumVisualStudioVersion = 10.0.40219.1
Project("{FAE04EC0-301F-11D3-BF4B-00C04F79EFBC}") = "WebApplicationDotNet8", "WebApplicationDotNet8.csproj", "{73B0E8D4-E3B4-4DEC-8533-342EBEC4B38E}"
EndProject
Global
	GlobalSection(SolutionConfigurationPlatforms) = preSolution
		Debug|Any CPU = Debug|Any CPU
		Release|Any CPU = Release|Any CPU
	EndGlobalSection
	GlobalSection(ProjectConfigurationPlatforms) = postSolution
		{73B0E8D4-E3B4-4DEC-8533-342EBEC4B38E}.Debug|Any CPU.ActiveCfg = Debug|Any CPU
		{73B0E8D4-E3B4-4DEC-8533-342EBEC4B38E}.Debug|Any CPU.Build.0 = Debug|Any CPU
		{73B0E8D4-E3B4-4DEC-8533-342EBEC4B38E}.Release|Any CPU.ActiveCfg = Release|Any CPU
		{73B0E8D4-E3B4-4DEC-8533-342EBEC4B38E}.Release|Any CPU.Build.0 = Release|Any CPU
	EndGlobalSection
	GlobalSection(SolutionProperties) = preSolution
		HideSolutionNode = FALSE
	EndGlobalSection
	GlobalSection(ExtensibilityGlobals) = postSolution
		SolutionGuid = {75E5F296-7431-4987-8B03-F25053BA7430}
	EndGlobalSection
EndGlobal
